
Microsoft Visual Studio Solution File, Format Version 11.00
# Visual Studio 2010
Project("{FAE04EC0-301F-11D3-BF4B-00C04F79EFBC}") = "Lawron RPG", "Assembly-CSharp.csproj", "{C5CD21D3-F990-7F57-A1C3-6A9D2CD010A2}"
EndProject
Project("{FAE04EC0-301F-11D3-BF4B-00C04F79EFBC}") = "Lawron RPG", "Assembly-CSharp-firstpass.csproj", "{161B7264-B2F2-1E16-5D1F-919328BACB68}"
EndProject
Project("{FAE04EC0-301F-11D3-BF4B-00C04F79EFBC}") = "Lawron RPG", "Assembly-CSharp-Editor.csproj", "{0250BFCA-113F-D2ED-CAE1-F9C6F47BC784}"
EndProject
Project("{FAE04EC0-301F-11D3-BF4B-00C04F79EFBC}") = "Lawron RPG", "Assembly-CSharp-Editor-firstpass.csproj", "{67502196-C814-C379-1068-BFAEADB5AA3C}"
EndProject
Global
	GlobalSection(SolutionConfigurationPlatforms) = preSolution
		Debug|Any CPU = Debug|Any CPU
		Release|Any CPU = Release|Any CPU
	EndGlobalSection
	GlobalSection(ProjectConfigurationPlatforms) = postSolution
		{C5CD21D3-F990-7F57-A1C3-6A9D2CD010A2}.Debug|Any CPU.ActiveCfg = Debug|Any CPU
		{C5CD21D3-F990-7F57-A1C3-6A9D2CD010A2}.Debug|Any CPU.Build.0 = Debug|Any CPU
		{C5CD21D3-F990-7F57-A1C3-6A9D2CD010A2}.Release|Any CPU.ActiveCfg = Release|Any CPU
		{C5CD21D3-F990-7F57-A1C3-6A9D2CD010A2}.Release|Any CPU.Build.0 = Release|Any CPU
		{161B7264-B2F2-1E16-5D1F-919328BACB68}.Debug|Any CPU.ActiveCfg = Debug|Any CPU
		{161B7264-B2F2-1E16-5D1F-919328BACB68}.Debug|Any CPU.Build.0 = Debug|Any CPU
		{161B7264-B2F2-1E16-5D1F-919328BACB68}.Release|Any CPU.ActiveCfg = Release|Any CPU
		{161B7264-B2F2-1E16-5D1F-919328BACB68}.Release|Any CPU.Build.0 = Release|Any CPU
		{0250BFCA-113F-D2ED-CAE1-F9C6F47BC784}.Debug|Any CPU.ActiveCfg = Debug|Any CPU
		{0250BFCA-113F-D2ED-CAE1-F9C6F47BC784}.Debug|Any CPU.Build.0 = Debug|Any CPU
		{0250BFCA-113F-D2ED-CAE1-F9C6F47BC784}.Release|Any CPU.ActiveCfg = Release|Any CPU
		{0250BFCA-113F-D2ED-CAE1-F9C6F47BC784}.Release|Any CPU.Build.0 = Release|Any CPU
		{67502196-C814-C379-1068-BFAEADB5AA3C}.Debug|Any CPU.ActiveCfg = Debug|Any CPU
		{67502196-C814-C379-1068-BFAEADB5AA3C}.Debug|Any CPU.Build.0 = Debug|Any CPU
		{67502196-C814-C379-1068-BFAEADB5AA3C}.Release|Any CPU.ActiveCfg = Release|Any CPU
		{67502196-C814-C379-1068-BFAEADB5AA3C}.Release|Any CPU.Build.0 = Release|Any CPU
	EndGlobalSection
	GlobalSection(SolutionProperties) = preSolution
		HideSolutionNode = FALSE
	EndGlobalSection
	GlobalSection(MonoDevelopProperties) = preSolution
		StartupItem = Assembly-CSharp.csproj
	EndGlobalSection
EndGlobal
